
Microsoft Visual Studio Solution File, Format Version 12.00
# Visual Studio Version 17
VisualStudioVersion = 17.0.31612.314
MinimumVisualStudioVersion = 10.0.40219.1
Project("{8BC9CEB8-8B4A-11D0-8D11-00A0C91BC942}") = "mobilku", "mobilku\mobilku.vcxproj", "{228F2798-9447-4C95-8260-1194D011029F}"
EndProject
Global
	GlobalSection(SolutionConfigurationPlatforms) = preSolution
		Debug|x64 = Debug|x64
		Debug|x86 = Debug|x86
		Release|x64 = Release|x64
		Release|x86 = Release|x86
	EndGlobalSection
	GlobalSection(ProjectConfigurationPlatforms) = postSolution
		{228F2798-9447-4C95-8260-1194D011029F}.Debug|x64.ActiveCfg = Debug|x64
		{228F2798-9447-4C95-8260-1194D011029F}.Debug|x64.Build.0 = Debug|x64
		{228F2798-9447-4C95-8260-1194D011029F}.Debug|x86.ActiveCfg = Debug|Win32
		{228F2798-9447-4C95-8260-1194D011029F}.Debug|x86.Build.0 = Debug|Win32
		{228F2798-9447-4C95-8260-1194D011029F}.Release|x64.ActiveCfg = Release|x64
		{228F2798-9447-4C95-8260-1194D011029F}.Release|x64.Build.0 = Release|x64
		{228F2798-9447-4C95-8260-1194D011029F}.Release|x86.ActiveCfg = Release|Win32
		{228F2798-9447-4C95-8260-1194D011029F}.Release|x86.Build.0 = Release|Win32
	EndGlobalSection
	GlobalSection(SolutionProperties) = preSolution
		HideSolutionNode = FALSE
	EndGlobalSection
	GlobalSection(ExtensibilityGlobals) = postSolution
		SolutionGuid = {9FA56843-A058-4331-9FD7-093654CCE498}
	EndGlobalSection
EndGlobal
